
Microsoft Visual Studio Solution File, Format Version 12.00
# Visual Studio Version 17
VisualStudioVersion = 17.14.36408.4 d17.14
MinimumVisualStudioVersion = 10.0.40219.1
Project("{FAE04EC0-301F-11D3-BF4B-00C04F79EFBC}") = "KKBridge", "KKBridge.csproj", "{A3F84F08-56EA-4394-83D5-00AEE2F44601}"
EndProject
Global
	GlobalSection(SolutionConfigurationPlatforms) = preSolution
		Debug|Any CPU = Debug|Any CPU
		Release|Any CPU = Release|Any CPU
	EndGlobalSection
	GlobalSection(ProjectConfigurationPlatforms) = postSolution
		{A3F84F08-56EA-4394-83D5-00AEE2F44601}.Debug|Any CPU.ActiveCfg = Debug|Any CPU
		{A3F84F08-56EA-4394-83D5-00AEE2F44601}.Debug|Any CPU.Build.0 = Debug|Any CPU
		{A3F84F08-56EA-4394-83D5-00AEE2F44601}.Release|Any CPU.ActiveCfg = Release|Any CPU
		{A3F84F08-56EA-4394-83D5-00AEE2F44601}.Release|Any CPU.Build.0 = Release|Any CPU
	EndGlobalSection
	GlobalSection(SolutionProperties) = preSolution
		HideSolutionNode = FALSE
	EndGlobalSection
	GlobalSection(ExtensibilityGlobals) = postSolution
		SolutionGuid = {AB74DD06-92F5-40A0-9B22-C94A577D9A0C}
	EndGlobalSection
EndGlobal
